# This file is automatically @generated by Cargo.
# It is not intended for manual editing.
version = 4

[[package]]
name = "use-astronomical-coordinate"
version = "0.1.0"

[[package]]
name = "use-astronomical-observation"
version = "0.1.0"

[[package]]
name = "use-astronomical-orbit"
version = "0.1.0"

[[package]]
name = "use-astronomy"
version = "0.1.0"
dependencies = [
 "use-astronomical-coordinate",
 "use-astronomical-observation",
 "use-astronomical-orbit",
 "use-catalog-object",
 "use-celestial-body",
 "use-constellation",
 "use-epoch",
 "use-magnitude",
 "use-moon",
 "use-orbital-element",
 "use-planet",
 "use-star",
]

[[package]]
name = "use-catalog-object"
version = "0.1.0"

[[package]]
name = "use-celestial-body"
version = "0.1.0"

[[package]]
name = "use-constellation"
version = "0.1.0"

[[package]]
name = "use-epoch"
version = "0.1.0"

[[package]]
name = "use-magnitude"
version = "0.1.0"

[[package]]
name = "use-moon"
version = "0.1.0"

[[package]]
name = "use-orbital-element"
version = "0.1.0"

[[package]]
name = "use-planet"
version = "0.1.0"

[[package]]
name = "use-star"
version = "0.1.0"
